
Microsoft Visual Studio Solution File, Format Version 12.00
# Visual Studio Version 16
VisualStudioVersion = 16.0.30804.86
MinimumVisualStudioVersion = 10.0.40219.1
Project("{FAE04EC0-301F-11D3-BF4B-00C04F79EFBC}") = "01_AppCore", "01_AppCore\01_AppCore.csproj", "{7CEEB060-1629-40AE-82F5-3002C460F3FE}"
EndProject
Project("{FAE04EC0-301F-11D3-BF4B-00C04F79EFBC}") = "02_DataEntities", "02_DataEntities\02_DataEntities.csproj", "{92935AD5-3758-4D81-BAB4-A58B54196065}"
EndProject
Project("{FAE04EC0-301F-11D3-BF4B-00C04F79EFBC}") = "03_DataAccess", "03_DataAccess\03_DataAccess.csproj", "{7E7AFAEF-AA7F-432B-8B4C-169239A950CE}"
EndProject
Project("{FAE04EC0-301F-11D3-BF4B-00C04F79EFBC}") = "04_Business", "04_Business\04_Business.csproj", "{05A5F100-7854-4E9E-85EB-BEAEBD2C4238}"
EndProject
Project("{FAE04EC0-301F-11D3-BF4B-00C04F79EFBC}") = "05_MI_MvcWebUl", "05_MI_MvcWebUl\05_MI_MvcWebUl.csproj", "{6304DEC5-431F-4373-804A-6ED77BF80FBB}"
EndProject
Global
	GlobalSection(SolutionConfigurationPlatforms) = preSolution
		Debug|Any CPU = Debug|Any CPU
		Release|Any CPU = Release|Any CPU
	EndGlobalSection
	GlobalSection(ProjectConfigurationPlatforms) = postSolution
		{7CEEB060-1629-40AE-82F5-3002C460F3FE}.Debug|Any CPU.ActiveCfg = Debug|Any CPU
		{7CEEB060-1629-40AE-82F5-3002C460F3FE}.Debug|Any CPU.Build.0 = Debug|Any CPU
		{7CEEB060-1629-40AE-82F5-3002C460F3FE}.Release|Any CPU.ActiveCfg = Release|Any CPU
		{7CEEB060-1629-40AE-82F5-3002C460F3FE}.Release|Any CPU.Build.0 = Release|Any CPU
		{92935AD5-3758-4D81-BAB4-A58B54196065}.Debug|Any CPU.ActiveCfg = Debug|Any CPU
		{92935AD5-3758-4D81-BAB4-A58B54196065}.Debug|Any CPU.Build.0 = Debug|Any CPU
		{92935AD5-3758-4D81-BAB4-A58B54196065}.Release|Any CPU.ActiveCfg = Release|Any CPU
		{92935AD5-3758-4D81-BAB4-A58B54196065}.Release|Any CPU.Build.0 = Release|Any CPU
		{7E7AFAEF-AA7F-432B-8B4C-169239A950CE}.Debug|Any CPU.ActiveCfg = Debug|Any CPU
		{7E7AFAEF-AA7F-432B-8B4C-169239A950CE}.Debug|Any CPU.Build.0 = Debug|Any CPU
		{7E7AFAEF-AA7F-432B-8B4C-169239A950CE}.Release|Any CPU.ActiveCfg = Release|Any CPU
		{7E7AFAEF-AA7F-432B-8B4C-169239A950CE}.Release|Any CPU.Build.0 = Release|Any CPU
		{05A5F100-7854-4E9E-85EB-BEAEBD2C4238}.Debug|Any CPU.ActiveCfg = Debug|Any CPU
		{05A5F100-7854-4E9E-85EB-BEAEBD2C4238}.Debug|Any CPU.Build.0 = Debug|Any CPU
		{05A5F100-7854-4E9E-85EB-BEAEBD2C4238}.Release|Any CPU.ActiveCfg = Release|Any CPU
		{05A5F100-7854-4E9E-85EB-BEAEBD2C4238}.Release|Any CPU.Build.0 = Release|Any CPU
		{6304DEC5-431F-4373-804A-6ED77BF80FBB}.Debug|Any CPU.ActiveCfg = Debug|Any CPU
		{6304DEC5-431F-4373-804A-6ED77BF80FBB}.Debug|Any CPU.Build.0 = Debug|Any CPU
		{6304DEC5-431F-4373-804A-6ED77BF80FBB}.Release|Any CPU.ActiveCfg = Release|Any CPU
		{6304DEC5-431F-4373-804A-6ED77BF80FBB}.Release|Any CPU.Build.0 = Release|Any CPU
	EndGlobalSection
	GlobalSection(SolutionProperties) = preSolution
		HideSolutionNode = FALSE
	EndGlobalSection
	GlobalSection(ExtensibilityGlobals) = postSolution
		SolutionGuid = {B4F024CE-554C-4056-94B8-76F63502877E}
	EndGlobalSection
EndGlobal
